
Microsoft Visual Studio Solution File, Format Version 12.00
# Visual Studio Version 16
VisualStudioVersion = 16.0.32228.343
MinimumVisualStudioVersion = 10.0.40219.1
Project("{9A19103F-16F7-4668-BE54-9A1E7A4F7556}") = "BasketService.API", "Services\BasketService\BasketService.API\BasketService.API.csproj", "{F176C337-27AA-4AA1-A403-717F193D02B7}"
EndProject
Project("{9A19103F-16F7-4668-BE54-9A1E7A4F7556}") = "OrderService.API", "Services\OrderService\OrderService.API\OrderService.API.csproj", "{5BC9CAC2-9228-4C85-8565-EBA6C74881C4}"
EndProject
Project("{9A19103F-16F7-4668-BE54-9A1E7A4F7556}") = "PaymentService.API", "Services\PaymentService\PaymentService.API\PaymentService.API.csproj", "{73A4A0CB-AA59-4178-806A-2087FDC2F8AB}"
EndProject
Project("{2150E333-8FDC-42A3-9474-1A3956D46DE8}") = "Services", "Services", "{B409AEE0-7009-4FEE-959F-E645DDFD7875}"
EndProject
Project("{2150E333-8FDC-42A3-9474-1A3956D46DE8}") = "BasketService", "BasketService", "{53CA1E83-65B2-48A3-B131-5AC2F5A9C53D}"
EndProject
Project("{2150E333-8FDC-42A3-9474-1A3956D46DE8}") = "NotificationService", "NotificationService", "{D16E244F-0979-4CDD-8840-A6DB42CAB6AE}"
EndProject
Project("{2150E333-8FDC-42A3-9474-1A3956D46DE8}") = "OrderService", "OrderService", "{DDA35B27-E4C1-4661-88CA-8FD789D79072}"
EndProject
Project("{2150E333-8FDC-42A3-9474-1A3956D46DE8}") = "PaymentService", "PaymentService", "{EAA2D65F-47C1-4A9F-9BE7-1366DD71FBB5}"
EndProject
Project("{2150E333-8FDC-42A3-9474-1A3956D46DE8}") = "ApiGateways", "ApiGateways", "{6C2C0A72-3402-4536-8A02-2CD2C94D106D}"
EndProject
Project("{9A19103F-16F7-4668-BE54-9A1E7A4F7556}") = "OcelotApiGateway", "ApiGateways\OcelotApiGateway\OcelotApiGateway.csproj", "{9CD81CD1-07BD-4E6D-A4AF-A469C1333A81}"
EndProject
Project("{2150E333-8FDC-42A3-9474-1A3956D46DE8}") = "ProductService", "ProductService", "{76AFF8D6-C9A3-466C-BFA2-12E9B611D8E6}"
EndProject
Project("{9A19103F-16F7-4668-BE54-9A1E7A4F7556}") = "ProductService.API", "Services\ProductService\ProductService.API\ProductService.API.csproj", "{F1E6BE84-E243-4F76-8B12-7288DCF116A9}"
EndProject
Project("{2150E333-8FDC-42A3-9474-1A3956D46DE8}") = "Solution Items", "Solution Items", "{A98D163B-B040-43B4-8EFF-FC15A9FFB712}"
	ProjectSection(SolutionItems) = preProject
		ApiUrls.txt = ApiUrls.txt
		docker-compose.yml = docker-compose.yml
	EndProjectSection
EndProject
Project("{9A19103F-16F7-4668-BE54-9A1E7A4F7556}") = "NotificationService.ConsoleApp", "Services\NotificationService\NotificationService.ConsoleApp\NotificationService.ConsoleApp.csproj", "{AB5B5898-58C2-438E-9802-6EA9E8C9B4CF}"
EndProject
Project("{2150E333-8FDC-42A3-9474-1A3956D46DE8}") = "IdentityService", "IdentityService", "{EC4BD924-F557-4431-B12F-05E73571D82B}"
EndProject
Project("{9A19103F-16F7-4668-BE54-9A1E7A4F7556}") = "IdentityService.API", "Services\IdentityService\IdentityService.API\IdentityService.API.csproj", "{58650357-4DC5-47AF-87AD-06F5AC0F5791}"
EndProject
Project("{9A19103F-16F7-4668-BE54-9A1E7A4F7556}") = "ProductService.Command", "Services\ProductService\ProductService.Command\ProductService.Command.csproj", "{B9B6A4AA-3F2F-4295-89AC-8B2CFF85BB08}"
EndProject
Project("{9A19103F-16F7-4668-BE54-9A1E7A4F7556}") = "ProductService.Query", "Services\ProductService\ProductService.Query\ProductService.Query.csproj", "{679897CF-4547-4229-8E70-B456DC060512}"
EndProject
Project("{9A19103F-16F7-4668-BE54-9A1E7A4F7556}") = "ProductService.Infrastructure", "Services\ProductService\ProductService.Infrastructure\ProductService.Infrastructure.csproj", "{22130ED8-7B46-4834-9092-B5054BC3E879}"
EndProject
Project("{9A19103F-16F7-4668-BE54-9A1E7A4F7556}") = "ProductService.Core", "Services\ProductService\ProductService.Core\ProductService.Core.csproj", "{4E50AE6E-48B2-4CBC-B28C-3F98389A2542}"
EndProject
Project("{9A19103F-16F7-4668-BE54-9A1E7A4F7556}") = "BasketService.Data", "Services\BasketService\BasketService.Data\BasketService.Data.csproj", "{EA444FB6-60D9-4C95-A4AB-86744ECB7F08}"
EndProject
Project("{9A19103F-16F7-4668-BE54-9A1E7A4F7556}") = "BasketService.Data.Contracts", "Services\BasketService\BasketService.Data.Contracts\BasketService.Data.Contracts.csproj", "{44E9CD70-2EC5-4BFD-914B-38A25FB3A2B9}"
EndProject
Project("{9A19103F-16F7-4668-BE54-9A1E7A4F7556}") = "BasketService.Business", "Services\BasketService\BasketService.Business\BasketService.Business.csproj", "{206ABFF8-3529-4027-A227-8A0F624ED8D4}"
EndProject
Project("{9A19103F-16F7-4668-BE54-9A1E7A4F7556}") = "BasketService.Business.Contracts", "Services\BasketService\BasketService.Business.Contracts\BasketService.Business.Contracts.csproj", "{D5E6CB18-678A-4909-9FEE-89F109DD54B5}"
EndProject
Project("{9A19103F-16F7-4668-BE54-9A1E7A4F7556}") = "BasketService.API.Contracts", "Services\BasketService\BasketService.API.Contracts\BasketService.API.Contracts.csproj", "{89EB7614-E8B5-412C-AFC5-C43A3052319E}"
EndProject
Project("{9A19103F-16F7-4668-BE54-9A1E7A4F7556}") = "BasketService.Common", "Services\BasketService\BasketService.Common\BasketService.Common.csproj", "{3FAEA434-0919-417C-BDDE-7D5E39A90C69}"
EndProject
Project("{2150E333-8FDC-42A3-9474-1A3956D46DE8}") = "Orchestrator", "Orchestrator", "{06FDB777-6136-4C6F-BAD3-C5FB7FBF62B2}"
EndProject
Project("{9A19103F-16F7-4668-BE54-9A1E7A4F7556}") = "Orchestrator", "Orchestrator\Orchestrator\Orchestrator.csproj", "{521D50F6-E5CF-4ADB-BFDE-B5BA2FDFA63E}"
EndProject
Project("{2150E333-8FDC-42A3-9474-1A3956D46DE8}") = "conf", "conf", "{CA13246D-4C06-4521-8A80-8F19069EA6D5}"
	ProjectSection(SolutionItems) = preProject
		masstransit_rabbitmq.conf = masstransit_rabbitmq.conf
	EndProjectSection
EndProject
Project("{2150E333-8FDC-42A3-9474-1A3956D46DE8}") = "BuildingBlocks", "BuildingBlocks", "{C8BDA8B9-696A-42B5-9CB7-8773B7C25305}"
EndProject
Project("{2150E333-8FDC-42A3-9474-1A3956D46DE8}") = "EventBus", "EventBus", "{D7C090FC-5AD1-4240-9171-834564AFA61F}"
EndProject
Project("{9A19103F-16F7-4668-BE54-9A1E7A4F7556}") = "EventBus.RabbitMQ", "BuildingBlocks\EventBus\EventBus.RabbitMQ\EventBus.RabbitMQ.csproj", "{648B4371-1A0C-4A7F-ADBB-A69F43DEB131}"
EndProject
Project("{9A19103F-16F7-4668-BE54-9A1E7A4F7556}") = "EventBus.Core", "BuildingBlocks\EventBus\EventBus.Core\EventBus.Core.csproj", "{FAD54985-BB09-4829-A0C5-92C690279C16}"
EndProject
Project("{FAE04EC0-301F-11D3-BF4B-00C04F79EFBC}") = "OrderService.Domain", "Services\OrderService\OrderService.Domain\OrderService.Domain.csproj", "{F96E04FC-553B-494A-800E-143D2DD90DC9}"
EndProject
Project("{FAE04EC0-301F-11D3-BF4B-00C04F79EFBC}") = "OrderService.Application", "Services\OrderService\OrderService.Application\OrderService.Application.csproj", "{B47BF738-9722-40D5-BB12-7FB818FEE554}"
EndProject
Project("{FAE04EC0-301F-11D3-BF4B-00C04F79EFBC}") = "OrderService.Infrastructure", "Services\OrderService\OrderService.Infrastructure\OrderService.Infrastructure.csproj", "{DF9CD033-3E7D-46DE-A374-FE621F8D1CA0}"
EndProject
Global
	GlobalSection(SolutionConfigurationPlatforms) = preSolution
		Debug|Any CPU = Debug|Any CPU
		Release|Any CPU = Release|Any CPU
	EndGlobalSection
	GlobalSection(ProjectConfigurationPlatforms) = postSolution
		{F176C337-27AA-4AA1-A403-717F193D02B7}.Debug|Any CPU.ActiveCfg = Debug|Any CPU
		{F176C337-27AA-4AA1-A403-717F193D02B7}.Debug|Any CPU.Build.0 = Debug|Any CPU
		{F176C337-27AA-4AA1-A403-717F193D02B7}.Release|Any CPU.ActiveCfg = Release|Any CPU
		{F176C337-27AA-4AA1-A403-717F193D02B7}.Release|Any CPU.Build.0 = Release|Any CPU
		{5BC9CAC2-9228-4C85-8565-EBA6C74881C4}.Debug|Any CPU.ActiveCfg = Debug|Any CPU
		{5BC9CAC2-9228-4C85-8565-EBA6C74881C4}.Debug|Any CPU.Build.0 = Debug|Any CPU
		{5BC9CAC2-9228-4C85-8565-EBA6C74881C4}.Release|Any CPU.ActiveCfg = Release|Any CPU
		{5BC9CAC2-9228-4C85-8565-EBA6C74881C4}.Release|Any CPU.Build.0 = Release|Any CPU
		{73A4A0CB-AA59-4178-806A-2087FDC2F8AB}.Debug|Any CPU.ActiveCfg = Debug|Any CPU
		{73A4A0CB-AA59-4178-806A-2087FDC2F8AB}.Debug|Any CPU.Build.0 = Debug|Any CPU
		{73A4A0CB-AA59-4178-806A-2087FDC2F8AB}.Release|Any CPU.ActiveCfg = Release|Any CPU
		{73A4A0CB-AA59-4178-806A-2087FDC2F8AB}.Release|Any CPU.Build.0 = Release|Any CPU
		{9CD81CD1-07BD-4E6D-A4AF-A469C1333A81}.Debug|Any CPU.ActiveCfg = Debug|Any CPU
		{9CD81CD1-07BD-4E6D-A4AF-A469C1333A81}.Debug|Any CPU.Build.0 = Debug|Any CPU
		{9CD81CD1-07BD-4E6D-A4AF-A469C1333A81}.Release|Any CPU.ActiveCfg = Release|Any CPU
		{9CD81CD1-07BD-4E6D-A4AF-A469C1333A81}.Release|Any CPU.Build.0 = Release|Any CPU
		{F1E6BE84-E243-4F76-8B12-7288DCF116A9}.Debug|Any CPU.ActiveCfg = Debug|Any CPU
		{F1E6BE84-E243-4F76-8B12-7288DCF116A9}.Debug|Any CPU.Build.0 = Debug|Any CPU
		{F1E6BE84-E243-4F76-8B12-7288DCF116A9}.Release|Any CPU.ActiveCfg = Release|Any CPU
		{F1E6BE84-E243-4F76-8B12-7288DCF116A9}.Release|Any CPU.Build.0 = Release|Any CPU
		{AB5B5898-58C2-438E-9802-6EA9E8C9B4CF}.Debug|Any CPU.ActiveCfg = Debug|Any CPU
		{AB5B5898-58C2-438E-9802-6EA9E8C9B4CF}.Debug|Any CPU.Build.0 = Debug|Any CPU
		{AB5B5898-58C2-438E-9802-6EA9E8C9B4CF}.Release|Any CPU.ActiveCfg = Release|Any CPU
		{AB5B5898-58C2-438E-9802-6EA9E8C9B4CF}.Release|Any CPU.Build.0 = Release|Any CPU
		{58650357-4DC5-47AF-87AD-06F5AC0F5791}.Debug|Any CPU.ActiveCfg = Debug|Any CPU
		{58650357-4DC5-47AF-87AD-06F5AC0F5791}.Debug|Any CPU.Build.0 = Debug|Any CPU
		{58650357-4DC5-47AF-87AD-06F5AC0F5791}.Release|Any CPU.ActiveCfg = Release|Any CPU
		{58650357-4DC5-47AF-87AD-06F5AC0F5791}.Release|Any CPU.Build.0 = Release|Any CPU
		{B9B6A4AA-3F2F-4295-89AC-8B2CFF85BB08}.Debug|Any CPU.ActiveCfg = Debug|Any CPU
		{B9B6A4AA-3F2F-4295-89AC-8B2CFF85BB08}.Debug|Any CPU.Build.0 = Debug|Any CPU
		{B9B6A4AA-3F2F-4295-89AC-8B2CFF85BB08}.Release|Any CPU.ActiveCfg = Release|Any CPU
		{B9B6A4AA-3F2F-4295-89AC-8B2CFF85BB08}.Release|Any CPU.Build.0 = Release|Any CPU
		{679897CF-4547-4229-8E70-B456DC060512}.Debug|Any CPU.ActiveCfg = Debug|Any CPU
		{679897CF-4547-4229-8E70-B456DC060512}.Debug|Any CPU.Build.0 = Debug|Any CPU
		{679897CF-4547-4229-8E70-B456DC060512}.Release|Any CPU.ActiveCfg = Release|Any CPU
		{679897CF-4547-4229-8E70-B456DC060512}.Release|Any CPU.Build.0 = Release|Any CPU
		{22130ED8-7B46-4834-9092-B5054BC3E879}.Debug|Any CPU.ActiveCfg = Debug|Any CPU
		{22130ED8-7B46-4834-9092-B5054BC3E879}.Debug|Any CPU.Build.0 = Debug|Any CPU
		{22130ED8-7B46-4834-9092-B5054BC3E879}.Release|Any CPU.ActiveCfg = Release|Any CPU
		{22130ED8-7B46-4834-9092-B5054BC3E879}.Release|Any CPU.Build.0 = Release|Any CPU
		{4E50AE6E-48B2-4CBC-B28C-3F98389A2542}.Debug|Any CPU.ActiveCfg = Debug|Any CPU
		{4E50AE6E-48B2-4CBC-B28C-3F98389A2542}.Debug|Any CPU.Build.0 = Debug|Any CPU
		{4E50AE6E-48B2-4CBC-B28C-3F98389A2542}.Release|Any CPU.ActiveCfg = Release|Any CPU
		{4E50AE6E-48B2-4CBC-B28C-3F98389A2542}.Release|Any CPU.Build.0 = Release|Any CPU
		{EA444FB6-60D9-4C95-A4AB-86744ECB7F08}.Debug|Any CPU.ActiveCfg = Debug|Any CPU
		{EA444FB6-60D9-4C95-A4AB-86744ECB7F08}.Debug|Any CPU.Build.0 = Debug|Any CPU
		{EA444FB6-60D9-4C95-A4AB-86744ECB7F08}.Release|Any CPU.ActiveCfg = Release|Any CPU
		{EA444FB6-60D9-4C95-A4AB-86744ECB7F08}.Release|Any CPU.Build.0 = Release|Any CPU
		{44E9CD70-2EC5-4BFD-914B-38A25FB3A2B9}.Debug|Any CPU.ActiveCfg = Debug|Any CPU
		{44E9CD70-2EC5-4BFD-914B-38A25FB3A2B9}.Debug|Any CPU.Build.0 = Debug|Any CPU
		{44E9CD70-2EC5-4BFD-914B-38A25FB3A2B9}.Release|Any CPU.ActiveCfg = Release|Any CPU
		{44E9CD70-2EC5-4BFD-914B-38A25FB3A2B9}.Release|Any CPU.Build.0 = Release|Any CPU
		{206ABFF8-3529-4027-A227-8A0F624ED8D4}.Debug|Any CPU.ActiveCfg = Debug|Any CPU
		{206ABFF8-3529-4027-A227-8A0F624ED8D4}.Debug|Any CPU.Build.0 = Debug|Any CPU
		{206ABFF8-3529-4027-A227-8A0F624ED8D4}.Release|Any CPU.ActiveCfg = Release|Any CPU
		{206ABFF8-3529-4027-A227-8A0F624ED8D4}.Release|Any CPU.Build.0 = Release|Any CPU
		{D5E6CB18-678A-4909-9FEE-89F109DD54B5}.Debug|Any CPU.ActiveCfg = Debug|Any CPU
		{D5E6CB18-678A-4909-9FEE-89F109DD54B5}.Debug|Any CPU.Build.0 = Debug|Any CPU
		{D5E6CB18-678A-4909-9FEE-89F109DD54B5}.Release|Any CPU.ActiveCfg = Release|Any CPU
		{D5E6CB18-678A-4909-9FEE-89F109DD54B5}.Release|Any CPU.Build.0 = Release|Any CPU
		{89EB7614-E8B5-412C-AFC5-C43A3052319E}.Debug|Any CPU.ActiveCfg = Debug|Any CPU
		{89EB7614-E8B5-412C-AFC5-C43A3052319E}.Debug|Any CPU.Build.0 = Debug|Any CPU
		{89EB7614-E8B5-412C-AFC5-C43A3052319E}.Release|Any CPU.ActiveCfg = Release|Any CPU
		{89EB7614-E8B5-412C-AFC5-C43A3052319E}.Release|Any CPU.Build.0 = Release|Any CPU
		{3FAEA434-0919-417C-BDDE-7D5E39A90C69}.Debug|Any CPU.ActiveCfg = Debug|Any CPU
		{3FAEA434-0919-417C-BDDE-7D5E39A90C69}.Debug|Any CPU.Build.0 = Debug|Any CPU
		{3FAEA434-0919-417C-BDDE-7D5E39A90C69}.Release|Any CPU.ActiveCfg = Release|Any CPU
		{3FAEA434-0919-417C-BDDE-7D5E39A90C69}.Release|Any CPU.Build.0 = Release|Any CPU
		{521D50F6-E5CF-4ADB-BFDE-B5BA2FDFA63E}.Debug|Any CPU.ActiveCfg = Debug|Any CPU
		{521D50F6-E5CF-4ADB-BFDE-B5BA2FDFA63E}.Debug|Any CPU.Build.0 = Debug|Any CPU
		{521D50F6-E5CF-4ADB-BFDE-B5BA2FDFA63E}.Release|Any CPU.ActiveCfg = Release|Any CPU
		{521D50F6-E5CF-4ADB-BFDE-B5BA2FDFA63E}.Release|Any CPU.Build.0 = Release|Any CPU
		{648B4371-1A0C-4A7F-ADBB-A69F43DEB131}.Debug|Any CPU.ActiveCfg = Debug|Any CPU
		{648B4371-1A0C-4A7F-ADBB-A69F43DEB131}.Debug|Any CPU.Build.0 = Debug|Any CPU
		{648B4371-1A0C-4A7F-ADBB-A69F43DEB131}.Release|Any CPU.ActiveCfg = Release|Any CPU
		{648B4371-1A0C-4A7F-ADBB-A69F43DEB131}.Release|Any CPU.Build.0 = Release|Any CPU
		{FAD54985-BB09-4829-A0C5-92C690279C16}.Debug|Any CPU.ActiveCfg = Debug|Any CPU
		{FAD54985-BB09-4829-A0C5-92C690279C16}.Debug|Any CPU.Build.0 = Debug|Any CPU
		{FAD54985-BB09-4829-A0C5-92C690279C16}.Release|Any CPU.ActiveCfg = Release|Any CPU
		{FAD54985-BB09-4829-A0C5-92C690279C16}.Release|Any CPU.Build.0 = Release|Any CPU
		{F96E04FC-553B-494A-800E-143D2DD90DC9}.Debug|Any CPU.ActiveCfg = Debug|Any CPU
		{F96E04FC-553B-494A-800E-143D2DD90DC9}.Debug|Any CPU.Build.0 = Debug|Any CPU
		{F96E04FC-553B-494A-800E-143D2DD90DC9}.Release|Any CPU.ActiveCfg = Release|Any CPU
		{F96E04FC-553B-494A-800E-143D2DD90DC9}.Release|Any CPU.Build.0 = Release|Any CPU
		{B47BF738-9722-40D5-BB12-7FB818FEE554}.Debug|Any CPU.ActiveCfg = Debug|Any CPU
		{B47BF738-9722-40D5-BB12-7FB818FEE554}.Debug|Any CPU.Build.0 = Debug|Any CPU
		{B47BF738-9722-40D5-BB12-7FB818FEE554}.Release|Any CPU.ActiveCfg = Release|Any CPU
		{B47BF738-9722-40D5-BB12-7FB818FEE554}.Release|Any CPU.Build.0 = Release|Any CPU
		{DF9CD033-3E7D-46DE-A374-FE621F8D1CA0}.Debug|Any CPU.ActiveCfg = Debug|Any CPU
		{DF9CD033-3E7D-46DE-A374-FE621F8D1CA0}.Debug|Any CPU.Build.0 = Debug|Any CPU
		{DF9CD033-3E7D-46DE-A374-FE621F8D1CA0}.Release|Any CPU.ActiveCfg = Release|Any CPU
		{DF9CD033-3E7D-46DE-A374-FE621F8D1CA0}.Release|Any CPU.Build.0 = Release|Any CPU
	EndGlobalSection
	GlobalSection(SolutionProperties) = preSolution
		HideSolutionNode = FALSE
	EndGlobalSection
	GlobalSection(NestedProjects) = preSolution
		{F176C337-27AA-4AA1-A403-717F193D02B7} = {53CA1E83-65B2-48A3-B131-5AC2F5A9C53D}
		{5BC9CAC2-9228-4C85-8565-EBA6C74881C4} = {DDA35B27-E4C1-4661-88CA-8FD789D79072}
		{73A4A0CB-AA59-4178-806A-2087FDC2F8AB} = {EAA2D65F-47C1-4A9F-9BE7-1366DD71FBB5}
		{53CA1E83-65B2-48A3-B131-5AC2F5A9C53D} = {B409AEE0-7009-4FEE-959F-E645DDFD7875}
		{D16E244F-0979-4CDD-8840-A6DB42CAB6AE} = {B409AEE0-7009-4FEE-959F-E645DDFD7875}
		{DDA35B27-E4C1-4661-88CA-8FD789D79072} = {B409AEE0-7009-4FEE-959F-E645DDFD7875}
		{EAA2D65F-47C1-4A9F-9BE7-1366DD71FBB5} = {B409AEE0-7009-4FEE-959F-E645DDFD7875}
		{9CD81CD1-07BD-4E6D-A4AF-A469C1333A81} = {6C2C0A72-3402-4536-8A02-2CD2C94D106D}
		{76AFF8D6-C9A3-466C-BFA2-12E9B611D8E6} = {B409AEE0-7009-4FEE-959F-E645DDFD7875}
		{F1E6BE84-E243-4F76-8B12-7288DCF116A9} = {76AFF8D6-C9A3-466C-BFA2-12E9B611D8E6}
		{AB5B5898-58C2-438E-9802-6EA9E8C9B4CF} = {D16E244F-0979-4CDD-8840-A6DB42CAB6AE}
		{EC4BD924-F557-4431-B12F-05E73571D82B} = {B409AEE0-7009-4FEE-959F-E645DDFD7875}
		{58650357-4DC5-47AF-87AD-06F5AC0F5791} = {EC4BD924-F557-4431-B12F-05E73571D82B}
		{B9B6A4AA-3F2F-4295-89AC-8B2CFF85BB08} = {76AFF8D6-C9A3-466C-BFA2-12E9B611D8E6}
		{679897CF-4547-4229-8E70-B456DC060512} = {76AFF8D6-C9A3-466C-BFA2-12E9B611D8E6}
		{22130ED8-7B46-4834-9092-B5054BC3E879} = {76AFF8D6-C9A3-466C-BFA2-12E9B611D8E6}
		{4E50AE6E-48B2-4CBC-B28C-3F98389A2542} = {76AFF8D6-C9A3-466C-BFA2-12E9B611D8E6}
		{EA444FB6-60D9-4C95-A4AB-86744ECB7F08} = {53CA1E83-65B2-48A3-B131-5AC2F5A9C53D}
		{44E9CD70-2EC5-4BFD-914B-38A25FB3A2B9} = {53CA1E83-65B2-48A3-B131-5AC2F5A9C53D}
		{206ABFF8-3529-4027-A227-8A0F624ED8D4} = {53CA1E83-65B2-48A3-B131-5AC2F5A9C53D}
		{D5E6CB18-678A-4909-9FEE-89F109DD54B5} = {53CA1E83-65B2-48A3-B131-5AC2F5A9C53D}
		{89EB7614-E8B5-412C-AFC5-C43A3052319E} = {53CA1E83-65B2-48A3-B131-5AC2F5A9C53D}
		{3FAEA434-0919-417C-BDDE-7D5E39A90C69} = {53CA1E83-65B2-48A3-B131-5AC2F5A9C53D}
		{521D50F6-E5CF-4ADB-BFDE-B5BA2FDFA63E} = {06FDB777-6136-4C6F-BAD3-C5FB7FBF62B2}
		{CA13246D-4C06-4521-8A80-8F19069EA6D5} = {A98D163B-B040-43B4-8EFF-FC15A9FFB712}
		{D7C090FC-5AD1-4240-9171-834564AFA61F} = {C8BDA8B9-696A-42B5-9CB7-8773B7C25305}
		{648B4371-1A0C-4A7F-ADBB-A69F43DEB131} = {D7C090FC-5AD1-4240-9171-834564AFA61F}
		{FAD54985-BB09-4829-A0C5-92C690279C16} = {D7C090FC-5AD1-4240-9171-834564AFA61F}
		{F96E04FC-553B-494A-800E-143D2DD90DC9} = {DDA35B27-E4C1-4661-88CA-8FD789D79072}
		{B47BF738-9722-40D5-BB12-7FB818FEE554} = {DDA35B27-E4C1-4661-88CA-8FD789D79072}
		{DF9CD033-3E7D-46DE-A374-FE621F8D1CA0} = {DDA35B27-E4C1-4661-88CA-8FD789D79072}
	EndGlobalSection
	GlobalSection(ExtensibilityGlobals) = postSolution
		SolutionGuid = {CAF784D1-F594-45DB-B32D-DDE11E762189}
	EndGlobalSection
EndGlobal
